
Microsoft Visual Studio Solution File, Format Version 12.00
# Visual Studio Version 17
VisualStudioVersion = 17.4.33103.184
MinimumVisualStudioVersion = 10.0.40219.1
Project("{9A19103F-16F7-4668-BE54-9A1E7A4F7556}") = "AspNetCoreUdemy", "AspNetCoreUdemy.csproj", "{DBBB6791-165A-4DCC-AB81-5B38F52540AB}"
EndProject
Project("{FAE04EC0-301F-11D3-BF4B-00C04F79EFBC}") = "AspNetCoreUdemy.DataAccess", "..\AspNetCoreUdemy.DataAccess\AspNetCoreUdemy.DataAccess.csproj", "{671BCEF2-E230-4676-A7B2-E24F7958A28F}"
EndProject
Project("{FAE04EC0-301F-11D3-BF4B-00C04F79EFBC}") = "AspNetCoreUdemy.Models", "..\AspNetCoreUdemy.Models\AspNetCoreUdemy.Models.csproj", "{DE714F7D-81CF-472E-9899-D4821984FDE5}"
EndProject
Project("{FAE04EC0-301F-11D3-BF4B-00C04F79EFBC}") = "AspNetCoreUdemy.Utility", "..\AspNetCoreUdemy.Utility\AspNetCoreUdemy.Utility.csproj", "{4E4B639E-1541-472A-8414-E9A1DE9BA401}"
EndProject
Global
	GlobalSection(SolutionConfigurationPlatforms) = preSolution
		Debug|Any CPU = Debug|Any CPU
		Release|Any CPU = Release|Any CPU
	EndGlobalSection
	GlobalSection(ProjectConfigurationPlatforms) = postSolution
		{DBBB6791-165A-4DCC-AB81-5B38F52540AB}.Debug|Any CPU.ActiveCfg = Debug|Any CPU
		{DBBB6791-165A-4DCC-AB81-5B38F52540AB}.Debug|Any CPU.Build.0 = Debug|Any CPU
		{DBBB6791-165A-4DCC-AB81-5B38F52540AB}.Release|Any CPU.ActiveCfg = Release|Any CPU
		{DBBB6791-165A-4DCC-AB81-5B38F52540AB}.Release|Any CPU.Build.0 = Release|Any CPU
		{671BCEF2-E230-4676-A7B2-E24F7958A28F}.Debug|Any CPU.ActiveCfg = Debug|Any CPU
		{671BCEF2-E230-4676-A7B2-E24F7958A28F}.Debug|Any CPU.Build.0 = Debug|Any CPU
		{671BCEF2-E230-4676-A7B2-E24F7958A28F}.Release|Any CPU.ActiveCfg = Release|Any CPU
		{671BCEF2-E230-4676-A7B2-E24F7958A28F}.Release|Any CPU.Build.0 = Release|Any CPU
		{DE714F7D-81CF-472E-9899-D4821984FDE5}.Debug|Any CPU.ActiveCfg = Debug|Any CPU
		{DE714F7D-81CF-472E-9899-D4821984FDE5}.Debug|Any CPU.Build.0 = Debug|Any CPU
		{DE714F7D-81CF-472E-9899-D4821984FDE5}.Release|Any CPU.ActiveCfg = Release|Any CPU
		{DE714F7D-81CF-472E-9899-D4821984FDE5}.Release|Any CPU.Build.0 = Release|Any CPU
		{4E4B639E-1541-472A-8414-E9A1DE9BA401}.Debug|Any CPU.ActiveCfg = Debug|Any CPU
		{4E4B639E-1541-472A-8414-E9A1DE9BA401}.Debug|Any CPU.Build.0 = Debug|Any CPU
		{4E4B639E-1541-472A-8414-E9A1DE9BA401}.Release|Any CPU.ActiveCfg = Release|Any CPU
		{4E4B639E-1541-472A-8414-E9A1DE9BA401}.Release|Any CPU.Build.0 = Release|Any CPU
	EndGlobalSection
	GlobalSection(SolutionProperties) = preSolution
		HideSolutionNode = FALSE
	EndGlobalSection
	GlobalSection(ExtensibilityGlobals) = postSolution
		SolutionGuid = {08DEC197-5238-44DD-8AEE-273566F7656B}
	EndGlobalSection
EndGlobal
